
Microsoft Visual Studio Solution File, Format Version 12.00
# Visual Studio 15
VisualStudioVersion = 15.0.27703.2035
MinimumVisualStudioVersion = 10.0.40219.1
Project("{FAE04EC0-301F-11D3-BF4B-00C04F79EFBC}") = "AngularAuto", "AngularAuto\AngularAuto.csproj", "{9BEED86F-A1A8-483C-9600-8ADC506AEF54}"
EndProject
Global
	GlobalSection(SolutionConfigurationPlatforms) = preSolution
		Debug|Any CPU = Debug|Any CPU
		Release|Any CPU = Release|Any CPU
	EndGlobalSection
	GlobalSection(ProjectConfigurationPlatforms) = postSolution
		{9BEED86F-A1A8-483C-9600-8ADC506AEF54}.Debug|Any CPU.ActiveCfg = Debug|Any CPU
		{9BEED86F-A1A8-483C-9600-8ADC506AEF54}.Debug|Any CPU.Build.0 = Debug|Any CPU
		{9BEED86F-A1A8-483C-9600-8ADC506AEF54}.Release|Any CPU.ActiveCfg = Release|Any CPU
		{9BEED86F-A1A8-483C-9600-8ADC506AEF54}.Release|Any CPU.Build.0 = Release|Any CPU
	EndGlobalSection
	GlobalSection(SolutionProperties) = preSolution
		HideSolutionNode = FALSE
	EndGlobalSection
	GlobalSection(ExtensibilityGlobals) = postSolution
		SolutionGuid = {4D96EE46-915E-469C-A260-6492634D8A26}
	EndGlobalSection
EndGlobal
